
Microsoft Visual Studio Solution File, Format Version 12.00
# Visual Studio Version 17
VisualStudioVersion = 17.0.32126.317
MinimumVisualStudioVersion = 10.0.40219.1
Project("{FAE04EC0-301F-11D3-BF4B-00C04F79EFBC}") = "Bingo", "Bingo.csproj", "{3A47B5BB-E782-4FF7-9C39-4D4028A82486}"
EndProject
Global
	GlobalSection(SolutionConfigurationPlatforms) = preSolution
		Debug|Any CPU = Debug|Any CPU
		Release|Any CPU = Release|Any CPU
	EndGlobalSection
	GlobalSection(ProjectConfigurationPlatforms) = postSolution
		{3A47B5BB-E782-4FF7-9C39-4D4028A82486}.Debug|Any CPU.ActiveCfg = Debug|Any CPU
		{3A47B5BB-E782-4FF7-9C39-4D4028A82486}.Debug|Any CPU.Build.0 = Debug|Any CPU
		{3A47B5BB-E782-4FF7-9C39-4D4028A82486}.Release|Any CPU.ActiveCfg = Release|Any CPU
		{3A47B5BB-E782-4FF7-9C39-4D4028A82486}.Release|Any CPU.Build.0 = Release|Any CPU
	EndGlobalSection
	GlobalSection(SolutionProperties) = preSolution
		HideSolutionNode = FALSE
	EndGlobalSection
	GlobalSection(ExtensibilityGlobals) = postSolution
		SolutionGuid = {D6DD073C-82C8-4D6A-9D7B-EB8FE0E6E665}
	EndGlobalSection
EndGlobal
